
Microsoft Visual Studio Solution File, Format Version 11.00
# Visual Studio 2010
Project("{FAE04EC0-301F-11D3-BF4B-00C04F79EFBC}") = "FFU_Beyond_Reach", "FFU_Beyond_Reach\FFU_Beyond_Reach.csproj", "{7E3728FA-6BBF-40F4-851F-C5BF630922C6}"
EndProject
Project("{FAE04EC0-301F-11D3-BF4B-00C04F79EFBC}") = "FFU_BR_Console", "FFU_BR_Console\FFU_BR_Console.csproj", "{7E3728FA-6BBF-40F4-851F-C5BF630922C1}"
EndProject
Project("{FAE04EC0-301F-11D3-BF4B-00C04F79EFBC}") = "FFU_BR_Extended", "FFU_BR_Extended\FFU_BR_Extended.csproj", "{7E3728FA-6BBF-40F4-851F-C5BF630922C2}"
EndProject
Project("{FAE04EC0-301F-11D3-BF4B-00C04F79EFBC}") = "FFU_BR_Fixes", "FFU_BR_Fixes\FFU_BR_Fixes.csproj", "{7E3728FA-6BBF-40F4-851F-C5BF630922C3}"
EndProject
Project("{FAE04EC0-301F-11D3-BF4B-00C04F79EFBC}") = "FFU_BR_Quality", "FFU_BR_Quality\FFU_BR_Quality.csproj", "{7E3728FA-6BBF-40F4-851F-C5BF630922C4}"
EndProject
Project("{FAE04EC0-301F-11D3-BF4B-00C04F79EFBC}") = "FFU_BR_Super", "FFU_BR_Super\FFU_BR_Super.csproj", "{7E3728FA-6BBF-40F4-851F-C5BF630922C5}"
EndProject
Global
	GlobalSection(SolutionConfigurationPlatforms) = preSolution
		Debug|Any CPU = Debug|Any CPU
		Release|Any CPU = Release|Any CPU
	EndGlobalSection
	GlobalSection(ProjectConfigurationPlatforms) = postSolution
		{7E3728FA-6BBF-40F4-851F-C5BF630922C6}.Debug|Any CPU.ActiveCfg = Debug|Any CPU
		{7E3728FA-6BBF-40F4-851F-C5BF630922C6}.Debug|Any CPU.Build.0 = Debug|Any CPU
		{7E3728FA-6BBF-40F4-851F-C5BF630922C6}.Release|Any CPU.ActiveCfg = Release|Any CPU
		{7E3728FA-6BBF-40F4-851F-C5BF630922C6}.Release|Any CPU.Build.0 = Release|Any CPU
		{7E3728FA-6BBF-40F4-851F-C5BF630922C1}.Debug|Any CPU.ActiveCfg = Debug|Any CPU
		{7E3728FA-6BBF-40F4-851F-C5BF630922C1}.Debug|Any CPU.Build.0 = Debug|Any CPU
		{7E3728FA-6BBF-40F4-851F-C5BF630922C1}.Release|Any CPU.ActiveCfg = Release|Any CPU
		{7E3728FA-6BBF-40F4-851F-C5BF630922C1}.Release|Any CPU.Build.0 = Release|Any CPU
		{7E3728FA-6BBF-40F4-851F-C5BF630922C2}.Debug|Any CPU.ActiveCfg = Debug|Any CPU
		{7E3728FA-6BBF-40F4-851F-C5BF630922C2}.Debug|Any CPU.Build.0 = Debug|Any CPU
		{7E3728FA-6BBF-40F4-851F-C5BF630922C2}.Release|Any CPU.ActiveCfg = Release|Any CPU
		{7E3728FA-6BBF-40F4-851F-C5BF630922C2}.Release|Any CPU.Build.0 = Release|Any CPU
		{7E3728FA-6BBF-40F4-851F-C5BF630922C3}.Debug|Any CPU.ActiveCfg = Debug|Any CPU
		{7E3728FA-6BBF-40F4-851F-C5BF630922C3}.Debug|Any CPU.Build.0 = Debug|Any CPU
		{7E3728FA-6BBF-40F4-851F-C5BF630922C3}.Release|Any CPU.ActiveCfg = Release|Any CPU
		{7E3728FA-6BBF-40F4-851F-C5BF630922C3}.Release|Any CPU.Build.0 = Release|Any CPU
		{7E3728FA-6BBF-40F4-851F-C5BF630922C4}.Debug|Any CPU.ActiveCfg = Debug|Any CPU
		{7E3728FA-6BBF-40F4-851F-C5BF630922C4}.Debug|Any CPU.Build.0 = Debug|Any CPU
		{7E3728FA-6BBF-40F4-851F-C5BF630922C4}.Release|Any CPU.ActiveCfg = Release|Any CPU
		{7E3728FA-6BBF-40F4-851F-C5BF630922C4}.Release|Any CPU.Build.0 = Release|Any CPU
		{7E3728FA-6BBF-40F4-851F-C5BF630922C5}.Debug|Any CPU.ActiveCfg = Debug|Any CPU
		{7E3728FA-6BBF-40F4-851F-C5BF630922C5}.Debug|Any CPU.Build.0 = Debug|Any CPU
		{7E3728FA-6BBF-40F4-851F-C5BF630922C5}.Release|Any CPU.ActiveCfg = Release|Any CPU
		{7E3728FA-6BBF-40F4-851F-C5BF630922C5}.Release|Any CPU.Build.0 = Release|Any CPU
	EndGlobalSection
	GlobalSection(SolutionProperties) = preSolution
		HideSolutionNode = FALSE
	EndGlobalSection
EndGlobal
